
Microsoft Visual Studio Solution File, Format Version 12.00
# Visual Studio Version 17
VisualStudioVersion = 17.5.002.0
MinimumVisualStudioVersion = 10.0.40219.1
Project("{2150E333-8FDC-42A3-9474-1A3956D46DE8}") = "src", "src", "{B40CDA67-6AD1-4F79-BB5F-A7B75D366F33}"
EndProject
Project("{9A19103F-16F7-4668-BE54-9A1E7A4F7556}") = "Ciber.Dapper", "src\Ciber.Dapper\Ciber.Dapper.csproj", "{9BDFC634-2A2F-4FEF-A15C-8E9DD4E16A17}"
EndProject
Project("{9A19103F-16F7-4668-BE54-9A1E7A4F7556}") = "Ciber.core", "src\Ciber.core\Ciber.core.csproj", "{9F37E9A2-D64E-402B-97CA-9871823D8409}"
EndProject
Project("{9A19103F-16F7-4668-BE54-9A1E7A4F7556}") = "Ciber.tests", "src\Ciber.tests\Ciber.tests.csproj", "{5C414D40-BAA6-4C5E-9CA4-D67C59B08F02}"
EndProject
Global
	GlobalSection(SolutionConfigurationPlatforms) = preSolution
		Debug|Any CPU = Debug|Any CPU
		Release|Any CPU = Release|Any CPU
	EndGlobalSection
	GlobalSection(ProjectConfigurationPlatforms) = postSolution
		{9BDFC634-2A2F-4FEF-A15C-8E9DD4E16A17}.Debug|Any CPU.ActiveCfg = Debug|Any CPU
		{9BDFC634-2A2F-4FEF-A15C-8E9DD4E16A17}.Debug|Any CPU.Build.0 = Debug|Any CPU
		{9BDFC634-2A2F-4FEF-A15C-8E9DD4E16A17}.Release|Any CPU.ActiveCfg = Release|Any CPU
		{9BDFC634-2A2F-4FEF-A15C-8E9DD4E16A17}.Release|Any CPU.Build.0 = Release|Any CPU
		{9F37E9A2-D64E-402B-97CA-9871823D8409}.Debug|Any CPU.ActiveCfg = Debug|Any CPU
		{9F37E9A2-D64E-402B-97CA-9871823D8409}.Debug|Any CPU.Build.0 = Debug|Any CPU
		{9F37E9A2-D64E-402B-97CA-9871823D8409}.Release|Any CPU.ActiveCfg = Release|Any CPU
		{9F37E9A2-D64E-402B-97CA-9871823D8409}.Release|Any CPU.Build.0 = Release|Any CPU
		{5C414D40-BAA6-4C5E-9CA4-D67C59B08F02}.Debug|Any CPU.ActiveCfg = Debug|Any CPU
		{5C414D40-BAA6-4C5E-9CA4-D67C59B08F02}.Debug|Any CPU.Build.0 = Debug|Any CPU
		{5C414D40-BAA6-4C5E-9CA4-D67C59B08F02}.Release|Any CPU.ActiveCfg = Release|Any CPU
		{5C414D40-BAA6-4C5E-9CA4-D67C59B08F02}.Release|Any CPU.Build.0 = Release|Any CPU
	EndGlobalSection
	GlobalSection(SolutionProperties) = preSolution
		HideSolutionNode = FALSE
	EndGlobalSection
	GlobalSection(NestedProjects) = preSolution
		{9BDFC634-2A2F-4FEF-A15C-8E9DD4E16A17} = {B40CDA67-6AD1-4F79-BB5F-A7B75D366F33}
		{9F37E9A2-D64E-402B-97CA-9871823D8409} = {B40CDA67-6AD1-4F79-BB5F-A7B75D366F33}
		{5C414D40-BAA6-4C5E-9CA4-D67C59B08F02} = {B40CDA67-6AD1-4F79-BB5F-A7B75D366F33}
	EndGlobalSection
	GlobalSection(ExtensibilityGlobals) = postSolution
		SolutionGuid = {88127BA8-326C-4F6F-863A-4A8D0FACADC4}
	EndGlobalSection
EndGlobal
